// !$*UTF8*$!
{
	archiveVersion = 1;
	classes = {
	};
	objectVersion = 50;
	objects = {

/* Begin PBXBuildFile section */
		976F6A4B24721E7100B7C0BD /* BubbleSort.swift in Sources */ = {isa = PBXBuildFile; fileRef = 976F6A4A24721E7100B7C0BD /* BubbleSort.swift */; };
		976F6A4D2472205900B7C0BD /* QuickSort.swift in Sources */ = {isa = PBXBuildFile; fileRef = 976F6A4C2472205900B7C0BD /* QuickSort.swift */; };
		9785FF9E2461337E00E82BC4 /* Stack.swift in Sources */ = {isa = PBXBuildFile; fileRef = 9785FF9D2461337E00E82BC4 /* Stack.swift */; };
		9785FFA6246167D500E82BC4 /* TreeNode.swift in Sources */ = {isa = PBXBuildFile; fileRef = 9785FFA5246167D500E82BC4 /* TreeNode.swift */; };
		9795BFFE244B56D6007E024B /* ListNode.swift in Sources */ = {isa = PBXBuildFile; fileRef = 9795BFFD244B56D6007E024B /* ListNode.swift */; };
		97CA337D2446EB6C00367CD5 /* main.swift in Sources */ = {isa = PBXBuildFile; fileRef = 97CA337C2446EB6C00367CD5 /* main.swift */; };
		97EB100B24684A6E006198E7 /* Queue.swift in Sources */ = {isa = PBXBuildFile; fileRef = 97EB100A24684A6E006198E7 /* Queue.swift */; };
		97EB100D24684E64006198E7 /* Deque.swift in Sources */ = {isa = PBXBuildFile; fileRef = 97EB100C24684E64006198E7 /* Deque.swift */; };
/* End PBXBuildFile section */

/* Begin PBXCopyFilesBuildPhase section */
		97CA33772446EB6B00367CD5 /* CopyFiles */ = {
			isa = PBXCopyFilesBuildPhase;
			buildActionMask = 2147483647;
			dstPath = /usr/share/man/man1/;
			dstSubfolderSpec = 0;
			files = (
			);
			runOnlyForDeploymentPostprocessing = 1;
		};
/* End PBXCopyFilesBuildPhase section */

/* Begin PBXFileReference section */
		975AEBCC2483EF5100DFB50C /* 101. 对称二叉树.swift */ = {isa = PBXFileReference; lastKnownFileType = sourcecode.swift; path = "101. 对称二叉树.swift"; sourceTree = "<group>"; };
		97613F47244887EE00785BD4 /* 15. 三数之和.swift */ = {isa = PBXFileReference; lastKnownFileType = sourcecode.swift; path = "15. 三数之和.swift"; sourceTree = "<group>"; };
		976A7232244C3024007694E5 /* 26. 删除排序数组中的重复项.swift */ = {isa = PBXFileReference; lastKnownFileType = sourcecode.swift; path = "26. 删除排序数组中的重复项.swift"; sourceTree = "<group>"; };
		976A7234244C31D7007694E5 /* 189. 旋转数组.swift */ = {isa = PBXFileReference; lastKnownFileType = sourcecode.swift; path = "189. 旋转数组.swift"; sourceTree = "<group>"; };
		976F6A4A24721E7100B7C0BD /* BubbleSort.swift */ = {isa = PBXFileReference; lastKnownFileType = sourcecode.swift; path = BubbleSort.swift; sourceTree = "<group>"; };
		976F6A4C2472205900B7C0BD /* QuickSort.swift */ = {isa = PBXFileReference; lastKnownFileType = sourcecode.swift; path = QuickSort.swift; sourceTree = "<group>"; };
		9785FF9D2461337E00E82BC4 /* Stack.swift */ = {isa = PBXFileReference; lastKnownFileType = sourcecode.swift; path = Stack.swift; sourceTree = "<group>"; };
		9785FF9F246135BA00E82BC4 /* 20. 有效的括号.swift */ = {isa = PBXFileReference; lastKnownFileType = sourcecode.swift; path = "20. 有效的括号.swift"; sourceTree = "<group>"; };
		9785FFA124613E7700E82BC4 /* 155. 最小栈.swift */ = {isa = PBXFileReference; lastKnownFileType = sourcecode.swift; path = "155. 最小栈.swift"; sourceTree = "<group>"; };
		9785FFA32461568100E82BC4 /* 21. 合并两个有序链表.swift */ = {isa = PBXFileReference; lastKnownFileType = sourcecode.swift; path = "21. 合并两个有序链表.swift"; sourceTree = "<group>"; };
		9785FFA5246167D500E82BC4 /* TreeNode.swift */ = {isa = PBXFileReference; lastKnownFileType = sourcecode.swift; path = TreeNode.swift; sourceTree = "<group>"; };
		9785FFA7246167FC00E82BC4 /* 98. 验证二叉搜索树.swift */ = {isa = PBXFileReference; lastKnownFileType = sourcecode.swift; path = "98. 验证二叉搜索树.swift"; sourceTree = "<group>"; };
		9795BFF8244B2BD7007E024B /* 206. 反转链表.swift */ = {isa = PBXFileReference; lastKnownFileType = sourcecode.swift; path = "206. 反转链表.swift"; sourceTree = "<group>"; };
		9795BFFA244B3A83007E024B /* 24. 两两交换链表中的节点.swift */ = {isa = PBXFileReference; lastKnownFileType = sourcecode.swift; path = "24. 两两交换链表中的节点.swift"; sourceTree = "<group>"; };
		9795BFFD244B56D6007E024B /* ListNode.swift */ = {isa = PBXFileReference; lastKnownFileType = sourcecode.swift; path = ListNode.swift; sourceTree = "<group>"; };
		9795C004244B5A76007E024B /* 141. 环形链表.swift */ = {isa = PBXFileReference; lastKnownFileType = sourcecode.swift; path = "141. 环形链表.swift"; sourceTree = "<group>"; };
		9795C006244B6AFC007E024B /* 142. 环形链表 II.swift */ = {isa = PBXFileReference; lastKnownFileType = sourcecode.swift; path = "142. 环形链表 II.swift"; sourceTree = "<group>"; };
		97CA33792446EB6C00367CD5 /* leetcode */ = {isa = PBXFileReference; explicitFileType = "compiled.mach-o.executable"; includeInIndex = 0; path = leetcode; sourceTree = BUILT_PRODUCTS_DIR; };
		97CA337C2446EB6C00367CD5 /* main.swift */ = {isa = PBXFileReference; lastKnownFileType = sourcecode.swift; path = main.swift; sourceTree = "<group>"; };
		97CA33832446EBB100367CD5 /* 283. 移动零.swift */ = {isa = PBXFileReference; lastKnownFileType = sourcecode.swift; path = "283. 移动零.swift"; sourceTree = "<group>"; };
		97CA33852447175F00367CD5 /* 11. 盛最多水的容器.swift */ = {isa = PBXFileReference; lastKnownFileType = sourcecode.swift; path = "11. 盛最多水的容器.swift"; sourceTree = "<group>"; };
		97CA33872447265F00367CD5 /* 70. 爬楼梯.swift */ = {isa = PBXFileReference; lastKnownFileType = sourcecode.swift; path = "70. 爬楼梯.swift"; sourceTree = "<group>"; };
		97E84096246430F900D607F4 /* 572. 另一个树的子树.swift */ = {isa = PBXFileReference; lastKnownFileType = sourcecode.swift; path = "572. 另一个树的子树.swift"; sourceTree = "<group>"; };
		97EB10062467E55D006198E7 /* 84. 柱状图中最大的矩形.swift */ = {isa = PBXFileReference; lastKnownFileType = sourcecode.swift; path = "84. 柱状图中最大的矩形.swift"; sourceTree = "<group>"; };
		97EB100824683DBF006198E7 /* 239. 滑动窗口最大值.swift */ = {isa = PBXFileReference; lastKnownFileType = sourcecode.swift; path = "239. 滑动窗口最大值.swift"; sourceTree = "<group>"; };
		97EB100A24684A6E006198E7 /* Queue.swift */ = {isa = PBXFileReference; lastKnownFileType = sourcecode.swift; path = Queue.swift; sourceTree = "<group>"; };
		97EB100C24684E64006198E7 /* Deque.swift */ = {isa = PBXFileReference; lastKnownFileType = sourcecode.swift; path = Deque.swift; sourceTree = "<group>"; };
		D35BE04A24D19CD40092998F /* 234. 回文链表.swift */ = {isa = PBXFileReference; lastKnownFileType = sourcecode.swift; path = "234. 回文链表.swift"; sourceTree = "<group>"; };
		D35FADEF24BE98B600475EF8 /* 160. 相交链表.swift */ = {isa = PBXFileReference; lastKnownFileType = sourcecode.swift; path = "160. 相交链表.swift"; sourceTree = "<group>"; };
		D35FDDD624B5986D0040C25F /* 面试题 16.11. 跳水板.swift */ = {isa = PBXFileReference; lastKnownFileType = sourcecode.swift; path = "面试题 16.11. 跳水板.swift"; sourceTree = "<group>"; };
		D366684224CE69D7003C4082 /* 203. 移除链表元素.swift */ = {isa = PBXFileReference; lastKnownFileType = sourcecode.swift; path = "203. 移除链表元素.swift"; sourceTree = "<group>"; };
		D367420D24E1132700E57F25 /* 237. 删除链表中的节点.swift */ = {isa = PBXFileReference; lastKnownFileType = sourcecode.swift; path = "237. 删除链表中的节点.swift"; sourceTree = "<group>"; };
		D36CF0EB24BBF6E70076F2C3 /* 83. 删除排序链表中的重复元素.swift */ = {isa = PBXFileReference; lastKnownFileType = sourcecode.swift; path = "83. 删除排序链表中的重复元素.swift"; sourceTree = "<group>"; };
/* End PBXFileReference section */

/* Begin PBXFrameworksBuildPhase section */
		97CA33762446EB6B00367CD5 /* Frameworks */ = {
			isa = PBXFrameworksBuildPhase;
			buildActionMask = 2147483647;
			files = (
			);
			runOnlyForDeploymentPostprocessing = 0;
		};
/* End PBXFrameworksBuildPhase section */

/* Begin PBXGroup section */
		97CA33702446EB6B00367CD5 = {
			isa = PBXGroup;
			children = (
				97CA337B2446EB6C00367CD5 /* leetcode */,
				97CA337A2446EB6C00367CD5 /* Products */,
			);
			sourceTree = "<group>";
		};
		97CA337A2446EB6C00367CD5 /* Products */ = {
			isa = PBXGroup;
			children = (
				97CA33792446EB6C00367CD5 /* leetcode */,
			);
			name = Products;
			sourceTree = "<group>";
		};
		97CA337B2446EB6C00367CD5 /* leetcode */ = {
			isa = PBXGroup;
			children = (
				97CA337C2446EB6C00367CD5 /* main.swift */,
				9795BFFD244B56D6007E024B /* ListNode.swift */,
				9785FFA5246167D500E82BC4 /* TreeNode.swift */,
				9785FF9D2461337E00E82BC4 /* Stack.swift */,
				97EB100A24684A6E006198E7 /* Queue.swift */,
				97EB100C24684E64006198E7 /* Deque.swift */,
				976F6A4A24721E7100B7C0BD /* BubbleSort.swift */,
				976F6A4C2472205900B7C0BD /* QuickSort.swift */,
				97CA33832446EBB100367CD5 /* 283. 移动零.swift */,
				97CA33852447175F00367CD5 /* 11. 盛最多水的容器.swift */,
				97CA33872447265F00367CD5 /* 70. 爬楼梯.swift */,
				97613F47244887EE00785BD4 /* 15. 三数之和.swift */,
				9795BFF8244B2BD7007E024B /* 206. 反转链表.swift */,
				9795BFFA244B3A83007E024B /* 24. 两两交换链表中的节点.swift */,
				9795C004244B5A76007E024B /* 141. 环形链表.swift */,
				9795C006244B6AFC007E024B /* 142. 环形链表 II.swift */,
				976A7232244C3024007694E5 /* 26. 删除排序数组中的重复项.swift */,
				976A7234244C31D7007694E5 /* 189. 旋转数组.swift */,
				9785FF9F246135BA00E82BC4 /* 20. 有效的括号.swift */,
				9785FFA124613E7700E82BC4 /* 155. 最小栈.swift */,
				9785FFA32461568100E82BC4 /* 21. 合并两个有序链表.swift */,
				9785FFA7246167FC00E82BC4 /* 98. 验证二叉搜索树.swift */,
				97E84096246430F900D607F4 /* 572. 另一个树的子树.swift */,
				97EB10062467E55D006198E7 /* 84. 柱状图中最大的矩形.swift */,
				97EB100824683DBF006198E7 /* 239. 滑动窗口最大值.swift */,
				975AEBCC2483EF5100DFB50C /* 101. 对称二叉树.swift */,
				D35FDDD624B5986D0040C25F /* 面试题 16.11. 跳水板.swift */,
				D36CF0EB24BBF6E70076F2C3 /* 83. 删除排序链表中的重复元素.swift */,
				D35FADEF24BE98B600475EF8 /* 160. 相交链表.swift */,
				D366684224CE69D7003C4082 /* 203. 移除链表元素.swift */,
				D35BE04A24D19CD40092998F /* 234. 回文链表.swift */,
				D367420D24E1132700E57F25 /* 237. 删除链表中的节点.swift */,
			);
			path = leetcode;
			sourceTree = "<group>";
		};
/* End PBXGroup section */

/* Begin PBXNativeTarget section */
		97CA33782446EB6B00367CD5 /* leetcode */ = {
			isa = PBXNativeTarget;
			buildConfigurationList = 97CA33802446EB6C00367CD5 /* Build configuration list for PBXNativeTarget "leetcode" */;
			buildPhases = (
				97CA33752446EB6B00367CD5 /* Sources */,
				97CA33762446EB6B00367CD5 /* Frameworks */,
				97CA33772446EB6B00367CD5 /* CopyFiles */,
			);
			buildRules = (
			);
			dependencies = (
			);
			name = leetcode;
			productName = leetcode;
			productReference = 97CA33792446EB6C00367CD5 /* leetcode */;
			productType = "com.apple.product-type.tool";
		};
/* End PBXNativeTarget section */

/* Begin PBXProject section */
		97CA33712446EB6B00367CD5 /* Project object */ = {
			isa = PBXProject;
			attributes = {
				LastSwiftUpdateCheck = 1140;
				LastUpgradeCheck = 1140;
				ORGANIZATIONNAME = vnision;
				TargetAttributes = {
					97CA33782446EB6B00367CD5 = {
						CreatedOnToolsVersion = 11.4;
					};
				};
			};
			buildConfigurationList = 97CA33742446EB6B00367CD5 /* Build configuration list for PBXProject "leetcode" */;
			compatibilityVersion = "Xcode 9.3";
			developmentRegion = en;
			hasScannedForEncodings = 0;
			knownRegions = (
				en,
				Base,
			);
			mainGroup = 97CA33702446EB6B00367CD5;
			productRefGroup = 97CA337A2446EB6C00367CD5 /* Products */;
			projectDirPath = "";
			projectRoot = "";
			targets = (
				97CA33782446EB6B00367CD5 /* leetcode */,
			);
		};
/* End PBXProject section */

/* Begin PBXSourcesBuildPhase section */
		97CA33752446EB6B00367CD5 /* Sources */ = {
			isa = PBXSourcesBuildPhase;
			buildActionMask = 2147483647;
			files = (
				9785FF9E2461337E00E82BC4 /* Stack.swift in Sources */,
				97EB100D24684E64006198E7 /* Deque.swift in Sources */,
				97EB100B24684A6E006198E7 /* Queue.swift in Sources */,
				976F6A4D2472205900B7C0BD /* QuickSort.swift in Sources */,
				97CA337D2446EB6C00367CD5 /* main.swift in Sources */,
				9795BFFE244B56D6007E024B /* ListNode.swift in Sources */,
				9785FFA6246167D500E82BC4 /* TreeNode.swift in Sources */,
				976F6A4B24721E7100B7C0BD /* BubbleSort.swift in Sources */,
			);
			runOnlyForDeploymentPostprocessing = 0;
		};
/* End PBXSourcesBuildPhase section */

/* Begin XCBuildConfiguration section */
		97CA337E2446EB6C00367CD5 /* Debug */ = {
			isa = XCBuildConfiguration;
			buildSettings = {
				ALWAYS_SEARCH_USER_PATHS = NO;
				CLANG_ANALYZER_NONNULL = YES;
				CLANG_ANALYZER_NUMBER_OBJECT_CONVERSION = YES_AGGRESSIVE;
				CLANG_CXX_LANGUAGE_STANDARD = "gnu++14";
				CLANG_CXX_LIBRARY = "libc++";
				CLANG_ENABLE_MODULES = YES;
				CLANG_ENABLE_OBJC_ARC = YES;
				CLANG_ENABLE_OBJC_WEAK = YES;
				CLANG_WARN_BLOCK_CAPTURE_AUTORELEASING = YES;
				CLANG_WARN_BOOL_CONVERSION = YES;
				CLANG_WARN_COMMA = YES;
				CLANG_WARN_CONSTANT_CONVERSION = YES;
				CLANG_WARN_DEPRECATED_OBJC_IMPLEMENTATIONS = YES;
				CLANG_WARN_DIRECT_OBJC_ISA_USAGE = YES_ERROR;
				CLANG_WARN_DOCUMENTATION_COMMENTS = YES;
				CLANG_WARN_EMPTY_BODY = YES;
				CLANG_WARN_ENUM_CONVERSION = YES;
				CLANG_WARN_INFINITE_RECURSION = YES;
				CLANG_WARN_INT_CONVERSION = YES;
				CLANG_WARN_NON_LITERAL_NULL_CONVERSION = YES;
				CLANG_WARN_OBJC_IMPLICIT_RETAIN_SELF = YES;
				CLANG_WARN_OBJC_LITERAL_CONVERSION = YES;
				CLANG_WARN_OBJC_ROOT_CLASS = YES_ERROR;
				CLANG_WARN_RANGE_LOOP_ANALYSIS = YES;
				CLANG_WARN_STRICT_PROTOTYPES = YES;
				CLANG_WARN_SUSPICIOUS_MOVE = YES;
				CLANG_WARN_UNGUARDED_AVAILABILITY = YES_AGGRESSIVE;
				CLANG_WARN_UNREACHABLE_CODE = YES;
				CLANG_WARN__DUPLICATE_METHOD_MATCH = YES;
				COPY_PHASE_STRIP = NO;
				DEBUG_INFORMATION_FORMAT = dwarf;
				ENABLE_STRICT_OBJC_MSGSEND = YES;
				ENABLE_TESTABILITY = YES;
				GCC_C_LANGUAGE_STANDARD = gnu11;
				GCC_DYNAMIC_NO_PIC = NO;
				GCC_NO_COMMON_BLOCKS = YES;
				GCC_OPTIMIZATION_LEVEL = 0;
				GCC_PREPROCESSOR_DEFINITIONS = (
					"DEBUG=1",
					"$(inherited)",
				);
				GCC_WARN_64_TO_32_BIT_CONVERSION = YES;
				GCC_WARN_ABOUT_RETURN_TYPE = YES_ERROR;
				GCC_WARN_UNDECLARED_SELECTOR = YES;
				GCC_WARN_UNINITIALIZED_AUTOS = YES_AGGRESSIVE;
				GCC_WARN_UNUSED_FUNCTION = YES;
				GCC_WARN_UNUSED_VARIABLE = YES;
				MACOSX_DEPLOYMENT_TARGET = 10.15;
				MTL_ENABLE_DEBUG_INFO = INCLUDE_SOURCE;
				MTL_FAST_MATH = YES;
				ONLY_ACTIVE_ARCH = YES;
				SDKROOT = macosx;
				SWIFT_ACTIVE_COMPILATION_CONDITIONS = DEBUG;
				SWIFT_OPTIMIZATION_LEVEL = "-Onone";
			};
			name = Debug;
		};
		97CA337F2446EB6C00367CD5 /* Release */ = {
			isa = XCBuildConfiguration;
			buildSettings = {
				ALWAYS_SEARCH_USER_PATHS = NO;
				CLANG_ANALYZER_NONNULL = YES;
				CLANG_ANALYZER_NUMBER_OBJECT_CONVERSION = YES_AGGRESSIVE;
				CLANG_CXX_LANGUAGE_STANDARD = "gnu++14";
				CLANG_CXX_LIBRARY = "libc++";
				CLANG_ENABLE_MODULES = YES;
				CLANG_ENABLE_OBJC_ARC = YES;
				CLANG_ENABLE_OBJC_WEAK = YES;
				CLANG_WARN_BLOCK_CAPTURE_AUTORELEASING = YES;
				CLANG_WARN_BOOL_CONVERSION = YES;
				CLANG_WARN_COMMA = YES;
				CLANG_WARN_CONSTANT_CONVERSION = YES;
				CLANG_WARN_DEPRECATED_OBJC_IMPLEMENTATIONS = YES;
				CLANG_WARN_DIRECT_OBJC_ISA_USAGE = YES_ERROR;
				CLANG_WARN_DOCUMENTATION_COMMENTS = YES;
				CLANG_WARN_EMPTY_BODY = YES;
				CLANG_WARN_ENUM_CONVERSION = YES;
				CLANG_WARN_INFINITE_RECURSION = YES;
				CLANG_WARN_INT_CONVERSION = YES;
				CLANG_WARN_NON_LITERAL_NULL_CONVERSION = YES;
				CLANG_WARN_OBJC_IMPLICIT_RETAIN_SELF = YES;
				CLANG_WARN_OBJC_LITERAL_CONVERSION = YES;
				CLANG_WARN_OBJC_ROOT_CLASS = YES_ERROR;
				CLANG_WARN_RANGE_LOOP_ANALYSIS = YES;
				CLANG_WARN_STRICT_PROTOTYPES = YES;
				CLANG_WARN_SUSPICIOUS_MOVE = YES;
				CLANG_WARN_UNGUARDED_AVAILABILITY = YES_AGGRESSIVE;
				CLANG_WARN_UNREACHABLE_CODE = YES;
				CLANG_WARN__DUPLICATE_METHOD_MATCH = YES;
				COPY_PHASE_STRIP = NO;
				DEBUG_INFORMATION_FORMAT = "dwarf-with-dsym";
				ENABLE_NS_ASSERTIONS = NO;
				ENABLE_STRICT_OBJC_MSGSEND = YES;
				GCC_C_LANGUAGE_STANDARD = gnu11;
				GCC_NO_COMMON_BLOCKS = YES;
				GCC_WARN_64_TO_32_BIT_CONVERSION = YES;
				GCC_WARN_ABOUT_RETURN_TYPE = YES_ERROR;
				GCC_WARN_UNDECLARED_SELECTOR = YES;
				GCC_WARN_UNINITIALIZED_AUTOS = YES_AGGRESSIVE;
				GCC_WARN_UNUSED_FUNCTION = YES;
				GCC_WARN_UNUSED_VARIABLE = YES;
				MACOSX_DEPLOYMENT_TARGET = 10.15;
				MTL_ENABLE_DEBUG_INFO = NO;
				MTL_FAST_MATH = YES;
				SDKROOT = macosx;
				SWIFT_COMPILATION_MODE = wholemodule;
				SWIFT_OPTIMIZATION_LEVEL = "-O";
			};
			name = Release;
		};
		97CA33812446EB6C00367CD5 /* Debug */ = {
			isa = XCBuildConfiguration;
			buildSettings = {
				CODE_SIGN_STYLE = Automatic;
				DEVELOPMENT_TEAM = J34S2FKR92;
				ENABLE_HARDENED_RUNTIME = YES;
				PRODUCT_NAME = "$(TARGET_NAME)";
				SWIFT_VERSION = 5.0;
			};
			name = Debug;
		};
		97CA33822446EB6C00367CD5 /* Release */ = {
			isa = XCBuildConfiguration;
			buildSettings = {
				CODE_SIGN_STYLE = Automatic;
				DEVELOPMENT_TEAM = J34S2FKR92;
				ENABLE_HARDENED_RUNTIME = YES;
				PRODUCT_NAME = "$(TARGET_NAME)";
				SWIFT_VERSION = 5.0;
			};
			name = Release;
		};
/* End XCBuildConfiguration section */

/* Begin XCConfigurationList section */
		97CA33742446EB6B00367CD5 /* Build configuration list for PBXProject "leetcode" */ = {
			isa = XCConfigurationList;
			buildConfigurations = (
				97CA337E2446EB6C00367CD5 /* Debug */,
				97CA337F2446EB6C00367CD5 /* Release */,
			);
			defaultConfigurationIsVisible = 0;
			defaultConfigurationName = Release;
		};
		97CA33802446EB6C00367CD5 /* Build configuration list for PBXNativeTarget "leetcode" */ = {
			isa = XCConfigurationList;
			buildConfigurations = (
				97CA33812446EB6C00367CD5 /* Debug */,
				97CA33822446EB6C00367CD5 /* Release */,
			);
			defaultConfigurationIsVisible = 0;
			defaultConfigurationName = Release;
		};
/* End XCConfigurationList section */
	};
	rootObject = 97CA33712446EB6B00367CD5 /* Project object */;
}
